# THIS IS AN AUTOGENERATED FILE. DO NOT EDIT THIS FILE DIRECTLY.
# yarn lockfile v1


"@babel/runtime@^7.3.1":
  version "7.14.0"
  resolved "https://registry.nlark.com/@babel/runtime/download/@babel/runtime-7.14.0.tgz?cache=0&sync_timestamp=1619727389508&other_urls=https%3A%2F%2Fregistry.nlark.com%2F%40babel%2Fruntime%2Fdownload%2F%40babel%2Fruntime-7.14.0.tgz#46794bc20b612c5f75e62dd071e24dfd95f1cbe6"
  integrity sha1-RnlLwgthLF915i3QceJN/ZXxy+Y=
  dependencies:
    regenerator-runtime "^0.13.4"

"@grapecity/activereports@^2.1.1":
  version "2.1.1"
  resolved "https://registry.nlark.com/@grapecity/activereports/download/@grapecity/activereports-2.1.1.tgz#626c6945ca3d01b17d87cf1e82b71fe590f91adc"
  integrity sha1-YmxpRco9AbF9h88egrcf5ZD5Gtw=
  dependencies:
    "@types/virtual-dom" "^2.1.0"
    i18next "^15.1.3"
    lodash-es "^4.17.11"
    moment "^2.22.2"
    ramda "^0.25.0"
    virtual-dom "^2.1.1"
    xregexp "^3.0.30"

"@types/virtual-dom@^2.1.0":
  version "2.1.0"
  resolved "https://registry.nlark.com/@types/virtual-dom/download/@types/virtual-dom-2.1.0.tgz?cache=0&other_urls=https%3A%2F%2Fregistry.nlark.com%2F%40types%2Fvirtual-dom%2Fdownload%2F%40types%2Fvirtual-dom-2.1.0.tgz#d41ab30a17cdad1e2129a49ef4d6994cb32f8df7"
  integrity sha1-1BqzChfNrR4hKaSe9NaZTLMvjfc=

browser-split@0.0.1:
  version "0.0.1"
  resolved "https://registry.npm.taobao.org/browser-split/download/browser-split-0.0.1.tgz#7b097574f8e3ead606fb4664e64adfdda2981a93"
  integrity sha1-ewl1dPjj6tYG+0Zk5krf3aKYGpM=

camelize@^1.0.0:
  version "1.0.0"
  resolved "https://registry.npm.taobao.org/camelize/download/camelize-1.0.0.tgz#164a5483e630fa4321e5af07020e531831b2609b"
  integrity sha1-FkpUg+Yw+kMh5a8HAg5TGDGyYJs=

dom-walk@^0.1.0:
  version "0.1.2"
  resolved "https://registry.npm.taobao.org/dom-walk/download/dom-walk-0.1.2.tgz#0c548bef048f4d1f2a97249002236060daa3fd84"
  integrity sha1-DFSL7wSPTR8qlySQAiNgYNqj/YQ=

error@^4.3.0:
  version "4.4.0"
  resolved "https://registry.npm.taobao.org/error/download/error-4.4.0.tgz?cache=0&sync_timestamp=1590047518308&other_urls=https%3A%2F%2Fregistry.npm.taobao.org%2Ferror%2Fdownload%2Ferror-4.4.0.tgz#bf69ff251fb4a279c19adccdaa6b61e90d9bf12a"
  integrity sha1-v2n/JR+0onnBmtzNqmth6Q2b8So=
  dependencies:
    camelize "^1.0.0"
    string-template "~0.2.0"
    xtend "~4.0.0"

ev-store@^7.0.0:
  version "7.0.0"
  resolved "https://registry.nlark.com/ev-store/download/ev-store-7.0.0.tgz#1ab0c7f82136505dd74b31d17701cb2be6d26558"
  integrity sha1-GrDH+CE2UF3XSzHRdwHLK+bSZVg=
  dependencies:
    individual "^3.0.0"

global@^4.3.0:
  version "4.4.0"
  resolved "https://registry.npm.taobao.org/global/download/global-4.4.0.tgz#3e7b105179006a323ed71aafca3e9c57a5cc6406"
  integrity sha1-PnsQUXkAajI+1xqvyj6cV6XMZAY=
  dependencies:
    min-document "^2.19.0"
    process "^0.11.10"

i18next@^15.1.3:
  version "15.1.3"
  resolved "https://registry.nlark.com/i18next/download/i18next-15.1.3.tgz#f1984cbee0e3cb00cff9008b037264289ce8840a"
  integrity sha1-8ZhMvuDjywDP+QCLA3JkKJzohAo=
  dependencies:
    "@babel/runtime" "^7.3.1"

individual@^3.0.0:
  version "3.0.0"
  resolved "https://registry.npm.taobao.org/individual/download/individual-3.0.0.tgz#e7ca4f85f8957b018734f285750dc22ec2f9862d"
  integrity sha1-58pPhfiVewGHNPKFdQ3CLsL5hi0=

is-object@^1.0.1:
  version "1.0.2"
  resolved "https://registry.npm.taobao.org/is-object/download/is-object-1.0.2.tgz?cache=0&sync_timestamp=1606927759490&other_urls=https%3A%2F%2Fregistry.npm.taobao.org%2Fis-object%2Fdownload%2Fis-object-1.0.2.tgz#a56552e1c665c9e950b4a025461da87e72f86fcf"
  integrity sha1-pWVS4cZlyelQtKAlRh2ofnL4b88=

lodash-es@^4.17.11:
  version "4.17.21"
  resolved "https://registry.npm.taobao.org/lodash-es/download/lodash-es-4.17.21.tgz#43e626c46e6591b7750beb2b50117390c609e3ee"
  integrity sha1-Q+YmxG5lkbd1C+srUBFzkMYJ4+4=

min-document@^2.19.0:
  version "2.19.0"
  resolved "https://registry.npm.taobao.org/min-document/download/min-document-2.19.0.tgz#7bd282e3f5842ed295bb748cdd9f1ffa2c824685"
  integrity sha1-e9KC4/WELtKVu3SM3Z8f+iyCRoU=
  dependencies:
    dom-walk "^0.1.0"

moment@^2.22.2:
  version "2.29.1"
  resolved "https://registry.npm.taobao.org/moment/download/moment-2.29.1.tgz?cache=0&sync_timestamp=1601983320283&other_urls=https%3A%2F%2Fregistry.npm.taobao.org%2Fmoment%2Fdownload%2Fmoment-2.29.1.tgz#b2be769fa31940be9eeea6469c075e35006fa3d3"
  integrity sha1-sr52n6MZQL6e7qZGnAdeNQBvo9M=

next-tick@^0.2.2:
  version "0.2.2"
  resolved "https://registry.npm.taobao.org/next-tick/download/next-tick-0.2.2.tgz#75da4a927ee5887e39065880065b7336413b310d"
  integrity sha1-ddpKkn7liH45BliABltzNkE7MQ0=

process@^0.11.10:
  version "0.11.10"
  resolved "https://registry.npm.taobao.org/process/download/process-0.11.10.tgz#7332300e840161bda3e69a1d1d91a7d4bc16f182"
  integrity sha1-czIwDoQBYb2j5podHZGn1LwW8YI=

ramda@^0.25.0:
  version "0.25.0"
  resolved "https://registry.npm.taobao.org/ramda/download/ramda-0.25.0.tgz#8fdf68231cffa90bc2f9460390a0cb74a29b29a9"
  integrity sha1-j99oIxz/qQvC+UYDkKDLdKKbKak=

regenerator-runtime@^0.13.4:
  version "0.13.7"
  resolved "https://registry.npm.taobao.org/regenerator-runtime/download/regenerator-runtime-0.13.7.tgz#cac2dacc8a1ea675feaabaeb8ae833898ae46f55"
  integrity sha1-ysLazIoepnX+qrrriugziYrkb1U=

string-template@~0.2.0:
  version "0.2.1"
  resolved "https://registry.npm.taobao.org/string-template/download/string-template-0.2.1.tgz#42932e598a352d01fc22ec3367d9d84eec6c9add"
  integrity sha1-QpMuWYo1LQH8IuwzZ9nYTuxsmt0=

virtual-dom@^2.1.1:
  version "2.1.1"
  resolved "https://registry.npm.taobao.org/virtual-dom/download/virtual-dom-2.1.1.tgz#80eda2d481b9ede0c049118cefcb4a05f21d1375"
  integrity sha1-gO2i1IG57eDASRGM78tKBfIdE3U=
  dependencies:
    browser-split "0.0.1"
    error "^4.3.0"
    ev-store "^7.0.0"
    global "^4.3.0"
    is-object "^1.0.1"
    next-tick "^0.2.2"
    x-is-array "0.1.0"
    x-is-string "0.1.0"

x-is-array@0.1.0:
  version "0.1.0"
  resolved "https://registry.npm.taobao.org/x-is-array/download/x-is-array-0.1.0.tgz#de520171d47b3f416f5587d629b89d26b12dc29d"
  integrity sha1-3lIBcdR7P0FvVYfWKbidJrEtwp0=

x-is-string@0.1.0:
  version "0.1.0"
  resolved "https://registry.npm.taobao.org/x-is-string/download/x-is-string-0.1.0.tgz#474b50865af3a49a9c4657f05acd145458f77d82"
  integrity sha1-R0tQhlrzpJqcRlfwWs0UVFj3fYI=

xregexp@^3.0.30:
  version "3.2.0"
  resolved "https://registry.npm.taobao.org/xregexp/download/xregexp-3.2.0.tgz#cb3601987bfe2695b584000c18f1c4a8c322878e"
  integrity sha1-yzYBmHv+JpW1hAAMGPHEqMMih44=

xtend@~4.0.0:
  version "4.0.2"
  resolved "https://registry.npm.taobao.org/xtend/download/xtend-4.0.2.tgz#bb72779f5fa465186b1f438f674fa347fdb5db54"
  integrity sha1-u3J3n1+kZRhrH0OPZ0+jR/2121Q=
